{
  "name": "sanpablera-engine",
  "version": "0.1.0",
  "lockfileVersion": 3,
  "requires": true,
  "packages": {
    "": {
      "name": "sanpablera-engine",
      "version": "0.1.0",
      "dependencies": {
        "babylonjs": "^9.23.0",
        "babylonjs-loaders": "^9.23.0"
      }
    },
    "node_modules/babylonjs": {
      "version": "9.23.0",
      "resolved": "https://registry.npmjs.org/babylonjs/-/babylonjs-9.23.0.tgz",
      "integrity": "sha512-4sLnVHbG6dXVn0EqZIEm1fC0MCrpFx5Vn60FzRpw4nDzF6kV9wU4Iq/XaBqipWUlGB40XE4djvVoAATvu6q78Q==",
      "hasInstallScript": true,
      "license": "Apache-2.0"
    },
    "node_modules/babylonjs-gltf2interface": {
      "version": "9.23.0",
      "resolved": "https://registry.npmjs.org/babylonjs-gltf2interface/-/babylonjs-gltf2interface-9.23.0.tgz",
      "integrity": "sha512-oD9rkfCafvGACikVWhVVl1Iy9bDuBVlI7zmeiDXI8y5gw7UOmQMffpvrl/ujoiw5agcsEAaQuF6Dbjfb+Cpaiw==",
      "license": "Apache-2.0"
    },
    "node_modules/babylonjs-loaders": {
      "version": "9.23.0",
      "resolved": "https://registry.npmjs.org/babylonjs-loaders/-/babylonjs-loaders-9.23.0.tgz",
      "integrity": "sha512-SaRQt1KgrOJpv5UarVpsbVvnuizLgl7WrRKkOt7PQpwmR40kG7p/7SYxLoMISsslCIB3h93msG8pkpZMkEgRqg==",
      "license": "Apache-2.0",
      "dependencies": {
        "babylonjs": "9.23.0",
        "babylonjs-gltf2interface": "9.23.0"
      }
    }
  }
}
